// !$*UTF8*$!
{
	archiveVersion = 1;
	classes = {
	};
	objectVersion = 46;
	objects = {

/* Begin PBXBuildFile section */
		5B82FE861C58283900BD3D25 /* main.m in Sources */ = {isa = PBXBuildFile; fileRef = 5B82FE851C58283900BD3D25 /* main.m */; };
		5B82FE891C58283900BD3D25 /* AppDelegate.m in Sources */ = {isa = PBXBuildFile; fileRef = 5B82FE881C58283900BD3D25 /* AppDelegate.m */; };
		5B82FE8F1C58283900BD3D25 /* Main.storyboard in Resources */ = {isa = PBXBuildFile; fileRef = 5B82FE8D1C58283900BD3D25 /* Main.storyboard */; };
		5B82FE911C58283900BD3D25 /* Assets.xcassets in Resources */ = {isa = PBXBuildFile; fileRef = 5B82FE901C58283900BD3D25 /* Assets.xcassets */; };
		5B82FE941C58283900BD3D25 /* LaunchScreen.storyboard in Resources */ = {isa = PBXBuildFile; fileRef = 5B82FE921C58283900BD3D25 /* LaunchScreen.storyboard */; };
		5B82FE9F1C58283900BD3D25 /* WordPlayTests.m in Sources */ = {isa = PBXBuildFile; fileRef = 5B82FE9E1C58283900BD3D25 /* WordPlayTests.m */; };
		5B82FEAA1C58283900BD3D25 /* WordPlayUITests.m in Sources */ = {isa = PBXBuildFile; fileRef = 5B82FEA91C58283900BD3D25 /* WordPlayUITests.m */; };
		5B82FEB91C58295600BD3D25 /* EnterNameViewController.m in Sources */ = {isa = PBXBuildFile; fileRef = 5B82FEB81C58295600BD3D25 /* EnterNameViewController.m */; };
		5B82FEBC1C582A6000BD3D25 /* EnterAdjectiveViewController.m in Sources */ = {isa = PBXBuildFile; fileRef = 5B82FEBB1C582A6000BD3D25 /* EnterAdjectiveViewController.m */; };
		5B82FEBF1C582ADE00BD3D25 /* ResultsViewController.m in Sources */ = {isa = PBXBuildFile; fileRef = 5B82FEBE1C582ADE00BD3D25 /* ResultsViewController.m */; };
		5B82FEC21C582B0C00BD3D25 /* RootViewController.m in Sources */ = {isa = PBXBuildFile; fileRef = 5B82FEC11C582B0C00BD3D25 /* RootViewController.m */; };
		5B82FEC51C5AB66400BD3D25 /* EnterVerbViewController.m in Sources */ = {isa = PBXBuildFile; fileRef = 5B82FEC41C5AB66400BD3D25 /* EnterVerbViewController.m */; };
		5B82FEC81C5AB66F00BD3D25 /* EnterAdverbViewController.m in Sources */ = {isa = PBXBuildFile; fileRef = 5B82FEC71C5AB66F00BD3D25 /* EnterAdverbViewController.m */; };
/* End PBXBuildFile section */

/* Begin PBXContainerItemProxy section */
		5B82FE9B1C58283900BD3D25 /* PBXContainerItemProxy */ = {
			isa = PBXContainerItemProxy;
			containerPortal = 5B82FE791C58283900BD3D25 /* Project object */;
			proxyType = 1;
			remoteGlobalIDString = 5B82FE801C58283900BD3D25;
			remoteInfo = WordPlay;
		};
		5B82FEA61C58283900BD3D25 /* PBXContainerItemProxy */ = {
			isa = PBXContainerItemProxy;
			containerPortal = 5B82FE791C58283900BD3D25 /* Project object */;
			proxyType = 1;
			remoteGlobalIDString = 5B82FE801C58283900BD3D25;
			remoteInfo = WordPlay;
		};
/* End PBXContainerItemProxy section */

/* Begin PBXFileReference section */
		5B82FE811C58283900BD3D25 /* WordPlay.app */ = {isa = PBXFileReference; explicitFileType = wrapper.application; includeInIndex = 0; path = WordPlay.app; sourceTree = BUILT_PRODUCTS_DIR; };
		5B82FE851C58283900BD3D25 /* main.m */ = {isa = PBXFileReference; lastKnownFileType = sourcecode.c.objc; path = main.m; sourceTree = "<group>"; };
		5B82FE871C58283900BD3D25 /* AppDelegate.h */ = {isa = PBXFileReference; lastKnownFileType = sourcecode.c.h; path = AppDelegate.h; sourceTree = "<group>"; };
		5B82FE881C58283900BD3D25 /* AppDelegate.m */ = {isa = PBXFileReference; lastKnownFileType = sourcecode.c.objc; path = AppDelegate.m; sourceTree = "<group>"; };
		5B82FE8E1C58283900BD3D25 /* Base */ = {isa = PBXFileReference; lastKnownFileType = file.storyboard; name = Base; path = Base.lproj/Main.storyboard; sourceTree = "<group>"; };
		5B82FE901C58283900BD3D25 /* Assets.xcassets */ = {isa = PBXFileReference; lastKnownFileType = folder.assetcatalog; path = Assets.xcassets; sourceTree = "<group>"; };
		5B82FE931C58283900BD3D25 /* Base */ = {isa = PBXFileReference; lastKnownFileType = file.storyboard; name = Base; path = Base.lproj/LaunchScreen.storyboard; sourceTree = "<group>"; };
		5B82FE951C58283900BD3D25 /* Info.plist */ = {isa = PBXFileReference; lastKnownFileType = text.plist.xml; path = Info.plist; sourceTree = "<group>"; };
		5B82FE9A1C58283900BD3D25 /* WordPlayTests.xctest */ = {isa = PBXFileReference; explicitFileType = wrapper.cfbundle; includeInIndex = 0; path = WordPlayTests.xctest; sourceTree = BUILT_PRODUCTS_DIR; };
		5B82FE9E1C58283900BD3D25 /* WordPlayTests.m */ = {isa = PBXFileReference; lastKnownFileType = sourcecode.c.objc; path = WordPlayTests.m; sourceTree = "<group>"; };
		5B82FEA01C58283900BD3D25 /* Info.plist */ = {isa = PBXFileReference; lastKnownFileType = text.plist.xml; path = Info.plist; sourceTree = "<group>"; };
		5B82FEA51C58283900BD3D25 /* WordPlayUITests.xctest */ = {isa = PBXFileReference; explicitFileType = wrapper.cfbundle; includeInIndex = 0; path = WordPlayUITests.xctest; sourceTree = BUILT_PRODUCTS_DIR; };
		5B82FEA91C58283900BD3D25 /* WordPlayUITests.m */ = {isa = PBXFileReference; lastKnownFileType = sourcecode.c.objc; path = WordPlayUITests.m; sourceTree = "<group>"; };
		5B82FEAB1C58283900BD3D25 /* Info.plist */ = {isa = PBXFileReference; lastKnownFileType = text.plist.xml; path = Info.plist; sourceTree = "<group>"; };
		5B82FEB71C58295600BD3D25 /* EnterNameViewController.h */ = {isa = PBXFileReference; fileEncoding = 4; lastKnownFileType = sourcecode.c.h; path = EnterNameViewController.h; sourceTree = "<group>"; };
		5B82FEB81C58295600BD3D25 /* EnterNameViewController.m */ = {isa = PBXFileReference; fileEncoding = 4; lastKnownFileType = sourcecode.c.objc; path = EnterNameViewController.m; sourceTree = "<group>"; };
		5B82FEBA1C582A6000BD3D25 /* EnterAdjectiveViewController.h */ = {isa = PBXFileReference; fileEncoding = 4; lastKnownFileType = sourcecode.c.h; path = EnterAdjectiveViewController.h; sourceTree = "<group>"; };
		5B82FEBB1C582A6000BD3D25 /* EnterAdjectiveViewController.m */ = {isa = PBXFileReference; fileEncoding = 4; lastKnownFileType = sourcecode.c.objc; path = EnterAdjectiveViewController.m; sourceTree = "<group>"; };
		5B82FEBD1C582ADE00BD3D25 /* ResultsViewController.h */ = {isa = PBXFileReference; fileEncoding = 4; lastKnownFileType = sourcecode.c.h; path = ResultsViewController.h; sourceTree = "<group>"; };
		5B82FEBE1C582ADE00BD3D25 /* ResultsViewController.m */ = {isa = PBXFileReference; fileEncoding = 4; lastKnownFileType = sourcecode.c.objc; path = ResultsViewController.m; sourceTree = "<group>"; };
		5B82FEC01C582B0C00BD3D25 /* RootViewController.h */ = {isa = PBXFileReference; fileEncoding = 4; lastKnownFileType = sourcecode.c.h; name = RootViewController.h; path = ../RootViewController.h; sourceTree = "<group>"; };
		5B82FEC11C582B0C00BD3D25 /* RootViewController.m */ = {isa = PBXFileReference; fileEncoding = 4; lastKnownFileType = sourcecode.c.objc; name = RootViewController.m; path = ../RootViewController.m; sourceTree = "<group>"; };
		5B82FEC31C5AB66400BD3D25 /* EnterVerbViewController.h */ = {isa = PBXFileReference; fileEncoding = 4; lastKnownFileType = sourcecode.c.h; path = EnterVerbViewController.h; sourceTree = "<group>"; };
		5B82FEC41C5AB66400BD3D25 /* EnterVerbViewController.m */ = {isa = PBXFileReference; fileEncoding = 4; lastKnownFileType = sourcecode.c.objc; path = EnterVerbViewController.m; sourceTree = "<group>"; };
		5B82FEC61C5AB66F00BD3D25 /* EnterAdverbViewController.h */ = {isa = PBXFileReference; fileEncoding = 4; lastKnownFileType = sourcecode.c.h; path = EnterAdverbViewController.h; sourceTree = "<group>"; };
		5B82FEC71C5AB66F00BD3D25 /* EnterAdverbViewController.m */ = {isa = PBXFileReference; fileEncoding = 4; lastKnownFileType = sourcecode.c.objc; path = EnterAdverbViewController.m; sourceTree = "<group>"; };
/* End PBXFileReference section */

/* Begin PBXFrameworksBuildPhase section */
		5B82FE7E1C58283900BD3D25 /* Frameworks */ = {
			isa = PBXFrameworksBuildPhase;
			buildActionMask = 2147483647;
			files = (
			);
			runOnlyForDeploymentPostprocessing = 0;
		};
		5B82FE971C58283900BD3D25 /* Frameworks */ = {
			isa = PBXFrameworksBuildPhase;
			buildActionMask = 2147483647;
			files = (
			);
			runOnlyForDeploymentPostprocessing = 0;
		};
		5B82FEA21C58283900BD3D25 /* Frameworks */ = {
			isa = PBXFrameworksBuildPhase;
			buildActionMask = 2147483647;
			files = (
			);
			runOnlyForDeploymentPostprocessing = 0;
		};
/* End PBXFrameworksBuildPhase section */

/* Begin PBXGroup section */
		5B82FE781C58283900BD3D25 = {
			isa = PBXGroup;
			children = (
				5B82FE831C58283900BD3D25 /* WordPlay */,
				5B82FE9D1C58283900BD3D25 /* WordPlayTests */,
				5B82FEA81C58283900BD3D25 /* WordPlayUITests */,
				5B82FE821C58283900BD3D25 /* Products */,
			);
			sourceTree = "<group>";
		};
		5B82FE821C58283900BD3D25 /* Products */ = {
			isa = PBXGroup;
			children = (
				5B82FE811C58283900BD3D25 /* WordPlay.app */,
				5B82FE9A1C58283900BD3D25 /* WordPlayTests.xctest */,
				5B82FEA51C58283900BD3D25 /* WordPlayUITests.xctest */,
			);
			name = Products;
			sourceTree = "<group>";
		};
		5B82FE831C58283900BD3D25 /* WordPlay */ = {
			isa = PBXGroup;
			children = (
				5B82FE871C58283900BD3D25 /* AppDelegate.h */,
				5B82FE881C58283900BD3D25 /* AppDelegate.m */,
				5B82FEBA1C582A6000BD3D25 /* EnterAdjectiveViewController.h */,
				5B82FEBB1C582A6000BD3D25 /* EnterAdjectiveViewController.m */,
				5B82FEC61C5AB66F00BD3D25 /* EnterAdverbViewController.h */,
				5B82FEC71C5AB66F00BD3D25 /* EnterAdverbViewController.m */,
				5B82FEB71C58295600BD3D25 /* EnterNameViewController.h */,
				5B82FEB81C58295600BD3D25 /* EnterNameViewController.m */,
				5B82FEC31C5AB66400BD3D25 /* EnterVerbViewController.h */,
				5B82FEC41C5AB66400BD3D25 /* EnterVerbViewController.m */,
				5B82FEBD1C582ADE00BD3D25 /* ResultsViewController.h */,
				5B82FEBE1C582ADE00BD3D25 /* ResultsViewController.m */,
				5B82FEC01C582B0C00BD3D25 /* RootViewController.h */,
				5B82FEC11C582B0C00BD3D25 /* RootViewController.m */,
				5B82FE8D1C58283900BD3D25 /* Main.storyboard */,
				5B82FE901C58283900BD3D25 /* Assets.xcassets */,
				5B82FE921C58283900BD3D25 /* LaunchScreen.storyboard */,
				5B82FE951C58283900BD3D25 /* Info.plist */,
				5B82FE841C58283900BD3D25 /* Supporting Files */,
			);
			path = WordPlay;
			sourceTree = "<group>";
		};
		5B82FE841C58283900BD3D25 /* Supporting Files */ = {
			isa = PBXGroup;
			children = (
				5B82FE851C58283900BD3D25 /* main.m */,
			);
			name = "Supporting Files";
			sourceTree = "<group>";
		};
		5B82FE9D1C58283900BD3D25 /* WordPlayTests */ = {
			isa = PBXGroup;
			children = (
				5B82FE9E1C58283900BD3D25 /* WordPlayTests.m */,
				5B82FEA01C58283900BD3D25 /* Info.plist */,
			);
			path = WordPlayTests;
			sourceTree = "<group>";
		};
		5B82FEA81C58283900BD3D25 /* WordPlayUITests */ = {
			isa = PBXGroup;
			children = (
				5B82FEA91C58283900BD3D25 /* WordPlayUITests.m */,
				5B82FEAB1C58283900BD3D25 /* Info.plist */,
			);
			path = WordPlayUITests;
			sourceTree = "<group>";
		};
/* End PBXGroup section */

/* Begin PBXNativeTarget section */
		5B82FE801C58283900BD3D25 /* WordPlay */ = {
			isa = PBXNativeTarget;
			buildConfigurationList = 5B82FEAE1C58283900BD3D25 /* Build configuration list for PBXNativeTarget "WordPlay" */;
			buildPhases = (
				5B82FE7D1C58283900BD3D25 /* Sources */,
				5B82FE7E1C58283900BD3D25 /* Frameworks */,
				5B82FE7F1C58283900BD3D25 /* Resources */,
			);
			buildRules = (
			);
			dependencies = (
			);
			name = WordPlay;
			productName = WordPlay;
			productReference = 5B82FE811C58283900BD3D25 /* WordPlay.app */;
			productType = "com.apple.product-type.application";
		};
		5B82FE991C58283900BD3D25 /* WordPlayTests */ = {
			isa = PBXNativeTarget;
			buildConfigurationList = 5B82FEB11C58283900BD3D25 /* Build configuration list for PBXNativeTarget "WordPlayTests" */;
			buildPhases = (
				5B82FE961C58283900BD3D25 /* Sources */,
				5B82FE971C58283900BD3D25 /* Frameworks */,
				5B82FE981C58283900BD3D25 /* Resources */,
			);
			buildRules = (
			);
			dependencies = (
				5B82FE9C1C58283900BD3D25 /* PBXTargetDependency */,
			);
			name = WordPlayTests;
			productName = WordPlayTests;
			productReference = 5B82FE9A1C58283900BD3D25 /* WordPlayTests.xctest */;
			productType = "com.apple.product-type.bundle.unit-test";
		};
		5B82FEA41C58283900BD3D25 /* WordPlayUITests */ = {
			isa = PBXNativeTarget;
			buildConfigurationList = 5B82FEB41C58283900BD3D25 /* Build configuration list for PBXNativeTarget "WordPlayUITests" */;
			buildPhases = (
				5B82FEA11C58283900BD3D25 /* Sources */,
				5B82FEA21C58283900BD3D25 /* Frameworks */,
				5B82FEA31C58283900BD3D25 /* Resources */,
			);
			buildRules = (
			);
			dependencies = (
				5B82FEA71C58283900BD3D25 /* PBXTargetDependency */,
			);
			name = WordPlayUITests;
			productName = WordPlayUITests;
			productReference = 5B82FEA51C58283900BD3D25 /* WordPlayUITests.xctest */;
			productType = "com.apple.product-type.bundle.ui-testing";
		};
/* End PBXNativeTarget section */

/* Begin PBXProject section */
		5B82FE791C58283900BD3D25 /* Project object */ = {
			isa = PBXProject;
			attributes = {
				LastUpgradeCheck = 0720;
				ORGANIZATIONNAME = "218 Apps";
				TargetAttributes = {
					5B82FE801C58283900BD3D25 = {
						CreatedOnToolsVersion = 7.2;
					};
					5B82FE991C58283900BD3D25 = {
						CreatedOnToolsVersion = 7.2;
						TestTargetID = 5B82FE801C58283900BD3D25;
					};
					5B82FEA41C58283900BD3D25 = {
						CreatedOnToolsVersion = 7.2;
						TestTargetID = 5B82FE801C58283900BD3D25;
					};
				};
			};
			buildConfigurationList = 5B82FE7C1C58283900BD3D25 /* Build configuration list for PBXProject "WordPlay" */;
			compatibilityVersion = "Xcode 3.2";
			developmentRegion = English;
			hasScannedForEncodings = 0;
			knownRegions = (
				en,
				Base,
			);
			mainGroup = 5B82FE781C58283900BD3D25;
			productRefGroup = 5B82FE821C58283900BD3D25 /* Products */;
			projectDirPath = "";
			projectRoot = "";
			targets = (
				5B82FE801C58283900BD3D25 /* WordPlay */,
				5B82FE991C58283900BD3D25 /* WordPlayTests */,
				5B82FEA41C58283900BD3D25 /* WordPlayUITests */,
			);
		};
/* End PBXProject section */

/* Begin PBXResourcesBuildPhase section */
		5B82FE7F1C58283900BD3D25 /* Resources */ = {
			isa = PBXResourcesBuildPhase;
			buildActionMask = 2147483647;
			files = (
				5B82FE941C58283900BD3D25 /* LaunchScreen.storyboard in Resources */,
				5B82FE911C58283900BD3D25 /* Assets.xcassets in Resources */,
				5B82FE8F1C58283900BD3D25 /* Main.storyboard in Resources */,
			);
			runOnlyForDeploymentPostprocessing = 0;
		};
		5B82FE981C58283900BD3D25 /* Resources */ = {
			isa = PBXResourcesBuildPhase;
			buildActionMask = 2147483647;
			files = (
			);
			runOnlyForDeploymentPostprocessing = 0;
		};
		5B82FEA31C58283900BD3D25 /* Resources */ = {
			isa = PBXResourcesBuildPhase;
			buildActionMask = 2147483647;
			files = (
			);
			runOnlyForDeploymentPostprocessing = 0;
		};
/* End PBXResourcesBuildPhase section */

/* Begin PBXSourcesBuildPhase section */
		5B82FE7D1C58283900BD3D25 /* Sources */ = {
			isa = PBXSourcesBuildPhase;
			buildActionMask = 2147483647;
			files = (
				5B82FE891C58283900BD3D25 /* AppDelegate.m in Sources */,
				5B82FEC51C5AB66400BD3D25 /* EnterVerbViewController.m in Sources */,
				5B82FEBC1C582A6000BD3D25 /* EnterAdjectiveViewController.m in Sources */,
				5B82FEC21C582B0C00BD3D25 /* RootViewController.m in Sources */,
				5B82FEBF1C582ADE00BD3D25 /* ResultsViewController.m in Sources */,
				5B82FEB91C58295600BD3D25 /* EnterNameViewController.m in Sources */,
				5B82FE861C58283900BD3D25 /* main.m in Sources */,
				5B82FEC81C5AB66F00BD3D25 /* EnterAdverbViewController.m in Sources */,
			);
			runOnlyForDeploymentPostprocessing = 0;
		};
		5B82FE961C58283900BD3D25 /* Sources */ = {
			isa = PBXSourcesBuildPhase;
			buildActionMask = 2147483647;
			files = (
				5B82FE9F1C58283900BD3D25 /* WordPlayTests.m in Sources */,
			);
			runOnlyForDeploymentPostprocessing = 0;
		};
		5B82FEA11C58283900BD3D25 /* Sources */ = {
			isa = PBXSourcesBuildPhase;
			buildActionMask = 2147483647;
			files = (
				5B82FEAA1C58283900BD3D25 /* WordPlayUITests.m in Sources */,
			);
			runOnlyForDeploymentPostprocessing = 0;
		};
/* End PBXSourcesBuildPhase section */

/* Begin PBXTargetDependency section */
		5B82FE9C1C58283900BD3D25 /* PBXTargetDependency */ = {
			isa = PBXTargetDependency;
			target = 5B82FE801C58283900BD3D25 /* WordPlay */;
			targetProxy = 5B82FE9B1C58283900BD3D25 /* PBXContainerItemProxy */;
		};
		5B82FEA71C58283900BD3D25 /* PBXTargetDependency */ = {
			isa = PBXTargetDependency;
			target = 5B82FE801C58283900BD3D25 /* WordPlay */;
			targetProxy = 5B82FEA61C58283900BD3D25 /* PBXContainerItemProxy */;
		};
/* End PBXTargetDependency section */

/* Begin PBXVariantGroup section */
		5B82FE8D1C58283900BD3D25 /* Main.storyboard */ = {
			isa = PBXVariantGroup;
			children = (
				5B82FE8E1C58283900BD3D25 /* Base */,
			);
			name = Main.storyboard;
			sourceTree = "<group>";
		};
		5B82FE921C58283900BD3D25 /* LaunchScreen.storyboard */ = {
			isa = PBXVariantGroup;
			children = (
				5B82FE931C58283900BD3D25 /* Base */,
			);
			name = LaunchScreen.storyboard;
			sourceTree = "<group>";
		};
/* End PBXVariantGroup section */

/* Begin XCBuildConfiguration section */
		5B82FEAC1C58283900BD3D25 /* Debug */ = {
			isa = XCBuildConfiguration;
			buildSettings = {
				ALWAYS_SEARCH_USER_PATHS = NO;
				CLANG_CXX_LANGUAGE_STANDARD = "gnu++0x";
				CLANG_CXX_LIBRARY = "libc++";
				CLANG_ENABLE_MODULES = YES;
				CLANG_ENABLE_OBJC_ARC = YES;
				CLANG_WARN_BOOL_CONVERSION = YES;
				CLANG_WARN_CONSTANT_CONVERSION = YES;
				CLANG_WARN_DIRECT_OBJC_ISA_USAGE = YES_ERROR;
				CLANG_WARN_EMPTY_BODY = YES;
				CLANG_WARN_ENUM_CONVERSION = YES;
				CLANG_WARN_INT_CONVERSION = YES;
				CLANG_WARN_OBJC_ROOT_CLASS = YES_ERROR;
				CLANG_WARN_UNREACHABLE_CODE = YES;
				CLANG_WARN__DUPLICATE_METHOD_MATCH = YES;
				"CODE_SIGN_IDENTITY[sdk=iphoneos*]" = "iPhone Developer";
				COPY_PHASE_STRIP = NO;
				DEBUG_INFORMATION_FORMAT = dwarf;
				ENABLE_STRICT_OBJC_MSGSEND = YES;
				ENABLE_TESTABILITY = YES;
				GCC_C_LANGUAGE_STANDARD = gnu99;
				GCC_DYNAMIC_NO_PIC = NO;
				GCC_NO_COMMON_BLOCKS = YES;
				GCC_OPTIMIZATION_LEVEL = 0;
				GCC_PREPROCESSOR_DEFINITIONS = (
					"DEBUG=1",
					"$(inherited)",
				);
				GCC_WARN_64_TO_32_BIT_CONVERSION = YES;
				GCC_WARN_ABOUT_RETURN_TYPE = YES_ERROR;
				GCC_WARN_UNDECLARED_SELECTOR = YES;
				GCC_WARN_UNINITIALIZED_AUTOS = YES_AGGRESSIVE;
				GCC_WARN_UNUSED_FUNCTION = YES;
				GCC_WARN_UNUSED_VARIABLE = YES;
				IPHONEOS_DEPLOYMENT_TARGET = 9.2;
				MTL_ENABLE_DEBUG_INFO = YES;
				ONLY_ACTIVE_ARCH = YES;
				SDKROOT = iphoneos;
			};
			name = Debug;
		};
		5B82FEAD1C58283900BD3D25 /* Release */ = {
			isa = XCBuildConfiguration;
			buildSettings = {
				ALWAYS_SEARCH_USER_PATHS = NO;
				CLANG_CXX_LANGUAGE_STANDARD = "gnu++0x";
				CLANG_CXX_LIBRARY = "libc++";
				CLANG_ENABLE_MODULES = YES;
				CLANG_ENABLE_OBJC_ARC = YES;
				CLANG_WARN_BOOL_CONVERSION = YES;
				CLANG_WARN_CONSTANT_CONVERSION = YES;
				CLANG_WARN_DIRECT_OBJC_ISA_USAGE = YES_ERROR;
				CLANG_WARN_EMPTY_BODY = YES;
				CLANG_WARN_ENUM_CONVERSION = YES;
				CLANG_WARN_INT_CONVERSION = YES;
				CLANG_WARN_OBJC_ROOT_CLASS = YES_ERROR;
				CLANG_WARN_UNREACHABLE_CODE = YES;
				CLANG_WARN__DUPLICATE_METHOD_MATCH = YES;
				"CODE_SIGN_IDENTITY[sdk=iphoneos*]" = "iPhone Developer";
				COPY_PHASE_STRIP = NO;
				DEBUG_INFORMATION_FORMAT = "dwarf-with-dsym";
				ENABLE_NS_ASSERTIONS = NO;
				ENABLE_STRICT_OBJC_MSGSEND = YES;
				GCC_C_LANGUAGE_STANDARD = gnu99;
				GCC_NO_COMMON_BLOCKS = YES;
				GCC_WARN_64_TO_32_BIT_CONVERSION = YES;
				GCC_WARN_ABOUT_RETURN_TYPE = YES_ERROR;
				GCC_WARN_UNDECLARED_SELECTOR = YES;
				GCC_WARN_UNINITIALIZED_AUTOS = YES_AGGRESSIVE;
				GCC_WARN_UNUSED_FUNCTION = YES;
				GCC_WARN_UNUSED_VARIABLE = YES;
				IPHONEOS_DEPLOYMENT_TARGET = 9.2;
				MTL_ENABLE_DEBUG_INFO = NO;
				SDKROOT = iphoneos;
				VALIDATE_PRODUCT = YES;
			};
			name = Release;
		};
		5B82FEAF1C58283900BD3D25 /* Debug */ = {
			isa = XCBuildConfiguration;
			buildSettings = {
				ASSETCATALOG_COMPILER_APPICON_NAME = AppIcon;
				INFOPLIST_FILE = WordPlay/Info.plist;
				LD_RUNPATH_SEARCH_PATHS = "$(inherited) @executable_path/Frameworks";
				PRODUCT_BUNDLE_IDENTIFIER = com.218apps.WordPlay;
				PRODUCT_NAME = "$(TARGET_NAME)";
			};
			name = Debug;
		};
		5B82FEB01C58283900BD3D25 /* Release */ = {
			isa = XCBuildConfiguration;
			buildSettings = {
				ASSETCATALOG_COMPILER_APPICON_NAME = AppIcon;
				INFOPLIST_FILE = WordPlay/Info.plist;
				LD_RUNPATH_SEARCH_PATHS = "$(inherited) @executable_path/Frameworks";
				PRODUCT_BUNDLE_IDENTIFIER = com.218apps.WordPlay;
				PRODUCT_NAME = "$(TARGET_NAME)";
			};
			name = Release;
		};
		5B82FEB21C58283900BD3D25 /* Debug */ = {
			isa = XCBuildConfiguration;
			buildSettings = {
				BUNDLE_LOADER = "$(TEST_HOST)";
				INFOPLIST_FILE = WordPlayTests/Info.plist;
				LD_RUNPATH_SEARCH_PATHS = "$(inherited) @executable_path/Frameworks @loader_path/Frameworks";
				PRODUCT_BUNDLE_IDENTIFIER = com.218apps.WordPlayTests;
				PRODUCT_NAME = "$(TARGET_NAME)";
				TEST_HOST = "$(BUILT_PRODUCTS_DIR)/WordPlay.app/WordPlay";
			};
			name = Debug;
		};
		5B82FEB31C58283900BD3D25 /* Release */ = {
			isa = XCBuildConfiguration;
			buildSettings = {
				BUNDLE_LOADER = "$(TEST_HOST)";
				INFOPLIST_FILE = WordPlayTests/Info.plist;
				LD_RUNPATH_SEARCH_PATHS = "$(inherited) @executable_path/Frameworks @loader_path/Frameworks";
				PRODUCT_BUNDLE_IDENTIFIER = com.218apps.WordPlayTests;
				PRODUCT_NAME = "$(TARGET_NAME)";
				TEST_HOST = "$(BUILT_PRODUCTS_DIR)/WordPlay.app/WordPlay";
			};
			name = Release;
		};
		5B82FEB51C58283900BD3D25 /* Debug */ = {
			isa = XCBuildConfiguration;
			buildSettings = {
				INFOPLIST_FILE = WordPlayUITests/Info.plist;
				LD_RUNPATH_SEARCH_PATHS = "$(inherited) @executable_path/Frameworks @loader_path/Frameworks";
				PRODUCT_BUNDLE_IDENTIFIER = com.218apps.WordPlayUITests;
				PRODUCT_NAME = "$(TARGET_NAME)";
				TEST_TARGET_NAME = WordPlay;
				USES_XCTRUNNER = YES;
			};
			name = Debug;
		};
		5B82FEB61C58283900BD3D25 /* Release */ = {
			isa = XCBuildConfiguration;
			buildSettings = {
				INFOPLIST_FILE = WordPlayUITests/Info.plist;
				LD_RUNPATH_SEARCH_PATHS = "$(inherited) @executable_path/Frameworks @loader_path/Frameworks";
				PRODUCT_BUNDLE_IDENTIFIER = com.218apps.WordPlayUITests;
				PRODUCT_NAME = "$(TARGET_NAME)";
				TEST_TARGET_NAME = WordPlay;
				USES_XCTRUNNER = YES;
			};
			name = Release;
		};
/* End XCBuildConfiguration section */

/* Begin XCConfigurationList section */
		5B82FE7C1C58283900BD3D25 /* Build configuration list for PBXProject "WordPlay" */ = {
			isa = XCConfigurationList;
			buildConfigurations = (
				5B82FEAC1C58283900BD3D25 /* Debug */,
				5B82FEAD1C58283900BD3D25 /* Release */,
			);
			defaultConfigurationIsVisible = 0;
			defaultConfigurationName = Release;
		};
		5B82FEAE1C58283900BD3D25 /* Build configuration list for PBXNativeTarget "WordPlay" */ = {
			isa = XCConfigurationList;
			buildConfigurations = (
				5B82FEAF1C58283900BD3D25 /* Debug */,
				5B82FEB01C58283900BD3D25 /* Release */,
			);
			defaultConfigurationIsVisible = 0;
			defaultConfigurationName = Release;
		};
		5B82FEB11C58283900BD3D25 /* Build configuration list for PBXNativeTarget "WordPlayTests" */ = {
			isa = XCConfigurationList;
			buildConfigurations = (
				5B82FEB21C58283900BD3D25 /* Debug */,
				5B82FEB31C58283900BD3D25 /* Release */,
			);
			defaultConfigurationIsVisible = 0;
			defaultConfigurationName = Release;
		};
		5B82FEB41C58283900BD3D25 /* Build configuration list for PBXNativeTarget "WordPlayUITests" */ = {
			isa = XCConfigurationList;
			buildConfigurations = (
				5B82FEB51C58283900BD3D25 /* Debug */,
				5B82FEB61C58283900BD3D25 /* Release */,
			);
			defaultConfigurationIsVisible = 0;
			defaultConfigurationName = Release;
		};
/* End XCConfigurationList section */
	};
	rootObject = 5B82FE791C58283900BD3D25 /* Project object */;
}
